
Microsoft Visual Studio Solution File, Format Version 12.00
# Visual Studio 2012
Project("{FAE04EC0-301F-11D3-BF4B-00C04F79EFBC}") = "XML", "XML\XML.csproj", "{ACCAD9A2-20FE-476A-BB57-3EFC766D8A93}"
EndProject
Global
	GlobalSection(SolutionConfigurationPlatforms) = preSolution
		Debug|Any CPU = Debug|Any CPU
		Release|Any CPU = Release|Any CPU
	EndGlobalSection
	GlobalSection(ProjectConfigurationPlatforms) = postSolution
		{ACCAD9A2-20FE-476A-BB57-3EFC766D8A93}.Debug|Any CPU.ActiveCfg = Debug|Any CPU
		{ACCAD9A2-20FE-476A-BB57-3EFC766D8A93}.Debug|Any CPU.Build.0 = Debug|Any CPU
		{ACCAD9A2-20FE-476A-BB57-3EFC766D8A93}.Release|Any CPU.ActiveCfg = Release|Any CPU
		{ACCAD9A2-20FE-476A-BB57-3EFC766D8A93}.Release|Any CPU.Build.0 = Release|Any CPU
	EndGlobalSection
	GlobalSection(SolutionProperties) = preSolution
		HideSolutionNode = FALSE
	EndGlobalSection
EndGlobal
